Microsoft Visual Studio Solution File, Format Version 11.00
# Visual Studio 2008

Project("{C0750900-E739-362B-FF32-AA715C037F96}") = "Missile Command - Version S", "Assembly-CSharp-vs.csproj", "{D8995567-C7A9-0F17-C76B-2C520C0C9354}"
EndProject
Project("{C0750900-E739-362B-FF32-AA715C037F96}") = "Missile Command - Version S", "Assembly-CSharp-Editor-vs.csproj", "{8281B5E9-2C2E-0CC9-B5A0-8A5EE9802372}"
EndProject
Global
	GlobalSection(SolutionConfigurationPlatforms) = preSolution
		Debug|Any CPU = Debug|Any CPU
		Release|Any CPU = Release|Any CPU
	EndGlobalSection
	GlobalSection(ProjectConfigurationPlatforms) = postSolution
		{D8995567-C7A9-0F17-C76B-2C520C0C9354}.Debug|Any CPU.ActiveCfg = Debug|Any CPU
		{D8995567-C7A9-0F17-C76B-2C520C0C9354}.Debug|Any CPU.Build.0 = Debug|Any CPU
		{D8995567-C7A9-0F17-C76B-2C520C0C9354}.Release|Any CPU.ActiveCfg = Release|Any CPU
		{D8995567-C7A9-0F17-C76B-2C520C0C9354}.Release|Any CPU.Build.0 = Release|Any CPU
		{8281B5E9-2C2E-0CC9-B5A0-8A5EE9802372}.Debug|Any CPU.ActiveCfg = Debug|Any CPU
		{8281B5E9-2C2E-0CC9-B5A0-8A5EE9802372}.Debug|Any CPU.Build.0 = Debug|Any CPU
		{8281B5E9-2C2E-0CC9-B5A0-8A5EE9802372}.Release|Any CPU.ActiveCfg = Release|Any CPU
		{8281B5E9-2C2E-0CC9-B5A0-8A5EE9802372}.Release|Any CPU.Build.0 = Release|Any CPU
	EndGlobalSection
	GlobalSection(SolutionProperties) = preSolution
		HideSolutionNode = FALSE
	EndGlobalSection
										GlobalSection(MonoDevelopProperties) = preSolution
		StartupItem = Assembly-CSharp.csproj
		Policies = $0
		$0.TextStylePolicy = $1
		$1.inheritsSet = null
		$1.scope = text/x-csharp
		$0.CSharpFormattingPolicy = $2
		$2.inheritsSet = Mono
		$2.inheritsScope = text/x-csharp
		$2.scope = text/x-csharp
		$0.TextStylePolicy = $3
		$3.FileWidth = 120
		$3.TabWidth = 4
		$3.IndentWidth = 4
		$3.EolMarker = Unix
		$3.inheritsSet = Mono
		$3.inheritsScope = text/plain
		$3.scope = text/plain
	EndGlobalSection

EndGlobal
